// !$*UTF8*$!
{
	archiveVersion = 1;
	classes = {
	};
	objectVersion = 50;
	objects = {

/* Begin PBXBuildFile section */
		6DB3AF7622BC7D6E007142B5 /* RoundedButton.swift in Sources */ = {isa = PBXBuildFile; fileRef = 6DB3AF7522BC7D6E007142B5 /* RoundedButton.swift */; };
		6DB3AF7822BC89D3007142B5 /* JobTableViewCell.swift in Sources */ = {isa = PBXBuildFile; fileRef = 6DB3AF7722BC89D3007142B5 /* JobTableViewCell.swift */; };
		6DB3AF7A22BC8C36007142B5 /* JobDataStore.swift in Sources */ = {isa = PBXBuildFile; fileRef = 6DB3AF7922BC8C36007142B5 /* JobDataStore.swift */; };
		6DB3AF7C22BC8EA4007142B5 /* JobViewController.swift in Sources */ = {isa = PBXBuildFile; fileRef = 6DB3AF7B22BC8EA4007142B5 /* JobViewController.swift */; };
		6DB3AF7E22BCA20D007142B5 /* DetailJobViewController.swift in Sources */ = {isa = PBXBuildFile; fileRef = 6DB3AF7D22BCA20D007142B5 /* DetailJobViewController.swift */; };
		6DB3AF8022BCA329007142B5 /* ExtensionJobViewController.swift in Sources */ = {isa = PBXBuildFile; fileRef = 6DB3AF7F22BCA329007142B5 /* ExtensionJobViewController.swift */; };
		6DF777B922BACB31008D4226 /* AppDelegate.swift in Sources */ = {isa = PBXBuildFile; fileRef = 6DF777B822BACB31008D4226 /* AppDelegate.swift */; };
		6DF777BE22BACB31008D4226 /* Main.storyboard in Resources */ = {isa = PBXBuildFile; fileRef = 6DF777BC22BACB31008D4226 /* Main.storyboard */; };
		6DF777C022BACB34008D4226 /* Assets.xcassets in Resources */ = {isa = PBXBuildFile; fileRef = 6DF777BF22BACB34008D4226 /* Assets.xcassets */; };
		6DF777C322BACB34008D4226 /* LaunchScreen.storyboard in Resources */ = {isa = PBXBuildFile; fileRef = 6DF777C122BACB34008D4226 /* LaunchScreen.storyboard */; };
		6DF777CB22BB1AC4008D4226 /* SessionInteractor.swift in Sources */ = {isa = PBXBuildFile; fileRef = 6DF777CA22BB1AC4008D4226 /* SessionInteractor.swift */; };
		6DF777CD22BB1F9A008D4226 /* JobStore.swift in Sources */ = {isa = PBXBuildFile; fileRef = 6DF777CC22BB1F9A008D4226 /* JobStore.swift */; };
		6DF777CF22BB21E9008D4226 /* IndexViewController.swift in Sources */ = {isa = PBXBuildFile; fileRef = 6DF777CE22BB21E9008D4226 /* IndexViewController.swift */; };
		6DF777D222BB2A8D008D4226 /* Employment.xcdatamodeld in Sources */ = {isa = PBXBuildFile; fileRef = 6DF777D022BB2A8D008D4226 /* Employment.xcdatamodeld */; };
/* End PBXBuildFile section */

/* Begin PBXFileReference section */
		6DB3AF7522BC7D6E007142B5 /* RoundedButton.swift */ = {isa = PBXFileReference; lastKnownFileType = sourcecode.swift; path = RoundedButton.swift; sourceTree = "<group>"; };
		6DB3AF7722BC89D3007142B5 /* JobTableViewCell.swift */ = {isa = PBXFileReference; lastKnownFileType = sourcecode.swift; path = JobTableViewCell.swift; sourceTree = "<group>"; };
		6DB3AF7922BC8C36007142B5 /* JobDataStore.swift */ = {isa = PBXFileReference; lastKnownFileType = sourcecode.swift; path = JobDataStore.swift; sourceTree = "<group>"; };
		6DB3AF7B22BC8EA4007142B5 /* JobViewController.swift */ = {isa = PBXFileReference; lastKnownFileType = sourcecode.swift; path = JobViewController.swift; sourceTree = "<group>"; };
		6DB3AF7D22BCA20D007142B5 /* DetailJobViewController.swift */ = {isa = PBXFileReference; lastKnownFileType = sourcecode.swift; path = DetailJobViewController.swift; sourceTree = "<group>"; };
		6DB3AF7F22BCA329007142B5 /* ExtensionJobViewController.swift */ = {isa = PBXFileReference; lastKnownFileType = sourcecode.swift; path = ExtensionJobViewController.swift; sourceTree = "<group>"; };
		6DF777B522BACB31008D4226 /* MyResumeApp.app */ = {isa = PBXFileReference; explicitFileType = wrapper.application; includeInIndex = 0; path = MyResumeApp.app; sourceTree = BUILT_PRODUCTS_DIR; };
		6DF777B822BACB31008D4226 /* AppDelegate.swift */ = {isa = PBXFileReference; lastKnownFileType = sourcecode.swift; path = AppDelegate.swift; sourceTree = "<group>"; };
		6DF777BD22BACB31008D4226 /* Base */ = {isa = PBXFileReference; lastKnownFileType = file.storyboard; name = Base; path = Base.lproj/Main.storyboard; sourceTree = "<group>"; };
		6DF777BF22BACB34008D4226 /* Assets.xcassets */ = {isa = PBXFileReference; lastKnownFileType = folder.assetcatalog; path = Assets.xcassets; sourceTree = "<group>"; };
		6DF777C222BACB34008D4226 /* Base */ = {isa = PBXFileReference; lastKnownFileType = file.storyboard; name = Base; path = Base.lproj/LaunchScreen.storyboard; sourceTree = "<group>"; };
		6DF777C422BACB34008D4226 /* Info.plist */ = {isa = PBXFileReference; lastKnownFileType = text.plist.xml; path = Info.plist; sourceTree = "<group>"; };
		6DF777CA22BB1AC4008D4226 /* SessionInteractor.swift */ = {isa = PBXFileReference; lastKnownFileType = sourcecode.swift; path = SessionInteractor.swift; sourceTree = "<group>"; };
		6DF777CC22BB1F9A008D4226 /* JobStore.swift */ = {isa = PBXFileReference; lastKnownFileType = sourcecode.swift; path = JobStore.swift; sourceTree = "<group>"; };
		6DF777CE22BB21E9008D4226 /* IndexViewController.swift */ = {isa = PBXFileReference; lastKnownFileType = sourcecode.swift; path = IndexViewController.swift; sourceTree = "<group>"; };
		6DF777D122BB2A8D008D4226 /* Employment.xcdatamodel */ = {isa = PBXFileReference; lastKnownFileType = wrapper.xcdatamodel; path = Employment.xcdatamodel; sourceTree = "<group>"; };
/* End PBXFileReference section */

/* Begin PBXFrameworksBuildPhase section */
		6DF777B222BACB31008D4226 /* Frameworks */ = {
			isa = PBXFrameworksBuildPhase;
			buildActionMask = 2147483647;
			files = (
			);
			runOnlyForDeploymentPostprocessing = 0;
		};
/* End PBXFrameworksBuildPhase section */

/* Begin PBXGroup section */
		6DB3AF7422BC7D4F007142B5 /* Utilities */ = {
			isa = PBXGroup;
			children = (
				6DB3AF7522BC7D6E007142B5 /* RoundedButton.swift */,
			);
			path = Utilities;
			sourceTree = "<group>";
		};
		6DB3AF8122BCB289007142B5 /* View */ = {
			isa = PBXGroup;
			children = (
				6DB3AF8522BCB2DA007142B5 /* view controllers */,
				6DB3AF8422BCB2C9007142B5 /* storyboards */,
			);
			path = View;
			sourceTree = "<group>";
		};
		6DB3AF8222BCB29F007142B5 /* Interactor */ = {
			isa = PBXGroup;
			children = (
				6DF777CA22BB1AC4008D4226 /* SessionInteractor.swift */,
				6DF777CC22BB1F9A008D4226 /* JobStore.swift */,
			);
			path = Interactor;
			sourceTree = "<group>";
		};
		6DB3AF8322BCB2B6007142B5 /* Model */ = {
			isa = PBXGroup;
			children = (
				6DF777D022BB2A8D008D4226 /* Employment.xcdatamodeld */,
				6DB3AF7922BC8C36007142B5 /* JobDataStore.swift */,
			);
			path = Model;
			sourceTree = "<group>";
		};
		6DB3AF8422BCB2C9007142B5 /* storyboards */ = {
			isa = PBXGroup;
			children = (
				6DF777C122BACB34008D4226 /* LaunchScreen.storyboard */,
				6DF777BC22BACB31008D4226 /* Main.storyboard */,
			);
			path = storyboards;
			sourceTree = "<group>";
		};
		6DB3AF8522BCB2DA007142B5 /* view controllers */ = {
			isa = PBXGroup;
			children = (
				6DB3AF7D22BCA20D007142B5 /* DetailJobViewController.swift */,
				6DB3AF7F22BCA329007142B5 /* ExtensionJobViewController.swift */,
				6DF777CE22BB21E9008D4226 /* IndexViewController.swift */,
				6DB3AF7B22BC8EA4007142B5 /* JobViewController.swift */,
				6DB3AF7722BC89D3007142B5 /* JobTableViewCell.swift */,
			);
			path = "view controllers";
			sourceTree = "<group>";
		};
		6DF777AC22BACB31008D4226 = {
			isa = PBXGroup;
			children = (
				6DF777B722BACB31008D4226 /* MyResumeApp */,
				6DF777B622BACB31008D4226 /* Products */,
			);
			sourceTree = "<group>";
		};
		6DF777B622BACB31008D4226 /* Products */ = {
			isa = PBXGroup;
			children = (
				6DF777B522BACB31008D4226 /* MyResumeApp.app */,
			);
			name = Products;
			sourceTree = "<group>";
		};
		6DF777B722BACB31008D4226 /* MyResumeApp */ = {
			isa = PBXGroup;
			children = (
				6DB3AF8322BCB2B6007142B5 /* Model */,
				6DB3AF8222BCB29F007142B5 /* Interactor */,
				6DB3AF8122BCB289007142B5 /* View */,
				6DB3AF7422BC7D4F007142B5 /* Utilities */,
				6DF777B822BACB31008D4226 /* AppDelegate.swift */,
				6DF777BF22BACB34008D4226 /* Assets.xcassets */,
				6DF777C422BACB34008D4226 /* Info.plist */,
			);
			path = MyResumeApp;
			sourceTree = "<group>";
		};
/* End PBXGroup section */

/* Begin PBXNativeTarget section */
		6DF777B422BACB31008D4226 /* MyResumeApp */ = {
			isa = PBXNativeTarget;
			buildConfigurationList = 6DF777C722BACB34008D4226 /* Build configuration list for PBXNativeTarget "MyResumeApp" */;
			buildPhases = (
				6DF777B122BACB31008D4226 /* Sources */,
				6DF777B222BACB31008D4226 /* Frameworks */,
				6DF777B322BACB31008D4226 /* Resources */,
			);
			buildRules = (
			);
			dependencies = (
			);
			name = MyResumeApp;
			productName = MyResumeApp;
			productReference = 6DF777B522BACB31008D4226 /* MyResumeApp.app */;
			productType = "com.apple.product-type.application";
		};
/* End PBXNativeTarget section */

/* Begin PBXProject section */
		6DF777AD22BACB31008D4226 /* Project object */ = {
			isa = PBXProject;
			attributes = {
				LastSwiftUpdateCheck = 1020;
				LastUpgradeCheck = 1020;
				ORGANIZATIONNAME = "Edgar Adrián";
				TargetAttributes = {
					6DF777B422BACB31008D4226 = {
						CreatedOnToolsVersion = 10.2.1;
					};
				};
			};
			buildConfigurationList = 6DF777B022BACB31008D4226 /* Build configuration list for PBXProject "MyResumeApp" */;
			compatibilityVersion = "Xcode 9.3";
			developmentRegion = en;
			hasScannedForEncodings = 0;
			knownRegions = (
				en,
				Base,
			);
			mainGroup = 6DF777AC22BACB31008D4226;
			productRefGroup = 6DF777B622BACB31008D4226 /* Products */;
			projectDirPath = "";
			projectRoot = "";
			targets = (
				6DF777B422BACB31008D4226 /* MyResumeApp */,
			);
		};
/* End PBXProject section */

/* Begin PBXResourcesBuildPhase section */
		6DF777B322BACB31008D4226 /* Resources */ = {
			isa = PBXResourcesBuildPhase;
			buildActionMask = 2147483647;
			files = (
				6DF777C322BACB34008D4226 /* LaunchScreen.storyboard in Resources */,
				6DF777C022BACB34008D4226 /* Assets.xcassets in Resources */,
				6DF777BE22BACB31008D4226 /* Main.storyboard in Resources */,
			);
			runOnlyForDeploymentPostprocessing = 0;
		};
/* End PBXResourcesBuildPhase section */

/* Begin PBXSourcesBuildPhase section */
		6DF777B122BACB31008D4226 /* Sources */ = {
			isa = PBXSourcesBuildPhase;
			buildActionMask = 2147483647;
			files = (
				6DB3AF8022BCA329007142B5 /* ExtensionJobViewController.swift in Sources */,
				6DF777CB22BB1AC4008D4226 /* SessionInteractor.swift in Sources */,
				6DB3AF7622BC7D6E007142B5 /* RoundedButton.swift in Sources */,
				6DB3AF7C22BC8EA4007142B5 /* JobViewController.swift in Sources */,
				6DF777D222BB2A8D008D4226 /* Employment.xcdatamodeld in Sources */,
				6DB3AF7822BC89D3007142B5 /* JobTableViewCell.swift in Sources */,
				6DF777CD22BB1F9A008D4226 /* JobStore.swift in Sources */,
				6DF777B922BACB31008D4226 /* AppDelegate.swift in Sources */,
				6DB3AF7E22BCA20D007142B5 /* DetailJobViewController.swift in Sources */,
				6DF777CF22BB21E9008D4226 /* IndexViewController.swift in Sources */,
				6DB3AF7A22BC8C36007142B5 /* JobDataStore.swift in Sources */,
			);
			runOnlyForDeploymentPostprocessing = 0;
		};
/* End PBXSourcesBuildPhase section */

/* Begin PBXVariantGroup section */
		6DF777BC22BACB31008D4226 /* Main.storyboard */ = {
			isa = PBXVariantGroup;
			children = (
				6DF777BD22BACB31008D4226 /* Base */,
			);
			name = Main.storyboard;
			sourceTree = "<group>";
		};
		6DF777C122BACB34008D4226 /* LaunchScreen.storyboard */ = {
			isa = PBXVariantGroup;
			children = (
				6DF777C222BACB34008D4226 /* Base */,
			);
			name = LaunchScreen.storyboard;
			sourceTree = "<group>";
		};
/* End PBXVariantGroup section */

/* Begin XCBuildConfiguration section */
		6DF777C522BACB34008D4226 /* Debug */ = {
			isa = XCBuildConfiguration;
			buildSettings = {
				ALWAYS_SEARCH_USER_PATHS = NO;
				CLANG_ANALYZER_NONNULL = YES;
				CLANG_ANALYZER_NUMBER_OBJECT_CONVERSION = YES_AGGRESSIVE;
				CLANG_CXX_LANGUAGE_STANDARD = "gnu++14";
				CLANG_CXX_LIBRARY = "libc++";
				CLANG_ENABLE_MODULES = YES;
				CLANG_ENABLE_OBJC_ARC = YES;
				CLANG_ENABLE_OBJC_WEAK = YES;
				CLANG_WARN_BLOCK_CAPTURE_AUTORELEASING = YES;
				CLANG_WARN_BOOL_CONVERSION = YES;
				CLANG_WARN_COMMA = YES;
				CLANG_WARN_CONSTANT_CONVERSION = YES;
				CLANG_WARN_DEPRECATED_OBJC_IMPLEMENTATIONS = YES;
				CLANG_WARN_DIRECT_OBJC_ISA_USAGE = YES_ERROR;
				CLANG_WARN_DOCUMENTATION_COMMENTS = YES;
				CLANG_WARN_EMPTY_BODY = YES;
				CLANG_WARN_ENUM_CONVERSION = YES;
				CLANG_WARN_INFINITE_RECURSION = YES;
				CLANG_WARN_INT_CONVERSION = YES;
				CLANG_WARN_NON_LITERAL_NULL_CONVERSION = YES;
				CLANG_WARN_OBJC_IMPLICIT_RETAIN_SELF = YES;
				CLANG_WARN_OBJC_LITERAL_CONVERSION = YES;
				CLANG_WARN_OBJC_ROOT_CLASS = YES_ERROR;
				CLANG_WARN_RANGE_LOOP_ANALYSIS = YES;
				CLANG_WARN_STRICT_PROTOTYPES = YES;
				CLANG_WARN_SUSPICIOUS_MOVE = YES;
				CLANG_WARN_UNGUARDED_AVAILABILITY = YES_AGGRESSIVE;
				CLANG_WARN_UNREACHABLE_CODE = YES;
				CLANG_WARN__DUPLICATE_METHOD_MATCH = YES;
				CODE_SIGN_IDENTITY = "iPhone Developer";
				COPY_PHASE_STRIP = NO;
				DEBUG_INFORMATION_FORMAT = dwarf;
				ENABLE_STRICT_OBJC_MSGSEND = YES;
				ENABLE_TESTABILITY = YES;
				GCC_C_LANGUAGE_STANDARD = gnu11;
				GCC_DYNAMIC_NO_PIC = NO;
				GCC_NO_COMMON_BLOCKS = YES;
				GCC_OPTIMIZATION_LEVEL = 0;
				GCC_PREPROCESSOR_DEFINITIONS = (
					"DEBUG=1",
					"$(inherited)",
				);
				GCC_WARN_64_TO_32_BIT_CONVERSION = YES;
				GCC_WARN_ABOUT_RETURN_TYPE = YES_ERROR;
				GCC_WARN_UNDECLARED_SELECTOR = YES;
				GCC_WARN_UNINITIALIZED_AUTOS = YES_AGGRESSIVE;
				GCC_WARN_UNUSED_FUNCTION = YES;
				GCC_WARN_UNUSED_VARIABLE = YES;
				IPHONEOS_DEPLOYMENT_TARGET = 12.2;
				MTL_ENABLE_DEBUG_INFO = INCLUDE_SOURCE;
				MTL_FAST_MATH = YES;
				ONLY_ACTIVE_ARCH = YES;
				SDKROOT = iphoneos;
				SWIFT_ACTIVE_COMPILATION_CONDITIONS = DEBUG;
				SWIFT_OPTIMIZATION_LEVEL = "-Onone";
			};
			name = Debug;
		};
		6DF777C622BACB34008D4226 /* Release */ = {
			isa = XCBuildConfiguration;
			buildSettings = {
				ALWAYS_SEARCH_USER_PATHS = NO;
				CLANG_ANALYZER_NONNULL = YES;
				CLANG_ANALYZER_NUMBER_OBJECT_CONVERSION = YES_AGGRESSIVE;
				CLANG_CXX_LANGUAGE_STANDARD = "gnu++14";
				CLANG_CXX_LIBRARY = "libc++";
				CLANG_ENABLE_MODULES = YES;
				CLANG_ENABLE_OBJC_ARC = YES;
				CLANG_ENABLE_OBJC_WEAK = YES;
				CLANG_WARN_BLOCK_CAPTURE_AUTORELEASING = YES;
				CLANG_WARN_BOOL_CONVERSION = YES;
				CLANG_WARN_COMMA = YES;
				CLANG_WARN_CONSTANT_CONVERSION = YES;
				CLANG_WARN_DEPRECATED_OBJC_IMPLEMENTATIONS = YES;
				CLANG_WARN_DIRECT_OBJC_ISA_USAGE = YES_ERROR;
				CLANG_WARN_DOCUMENTATION_COMMENTS = YES;
				CLANG_WARN_EMPTY_BODY = YES;
				CLANG_WARN_ENUM_CONVERSION = YES;
				CLANG_WARN_INFINITE_RECURSION = YES;
				CLANG_WARN_INT_CONVERSION = YES;
				CLANG_WARN_NON_LITERAL_NULL_CONVERSION = YES;
				CLANG_WARN_OBJC_IMPLICIT_RETAIN_SELF = YES;
				CLANG_WARN_OBJC_LITERAL_CONVERSION = YES;
				CLANG_WARN_OBJC_ROOT_CLASS = YES_ERROR;
				CLANG_WARN_RANGE_LOOP_ANALYSIS = YES;
				CLANG_WARN_STRICT_PROTOTYPES = YES;
				CLANG_WARN_SUSPICIOUS_MOVE = YES;
				CLANG_WARN_UNGUARDED_AVAILABILITY = YES_AGGRESSIVE;
				CLANG_WARN_UNREACHABLE_CODE = YES;
				CLANG_WARN__DUPLICATE_METHOD_MATCH = YES;
				CODE_SIGN_IDENTITY = "iPhone Developer";
				COPY_PHASE_STRIP = NO;
				DEBUG_INFORMATION_FORMAT = "dwarf-with-dsym";
				ENABLE_NS_ASSERTIONS = NO;
				ENABLE_STRICT_OBJC_MSGSEND = YES;
				GCC_C_LANGUAGE_STANDARD = gnu11;
				GCC_NO_COMMON_BLOCKS = YES;
				GCC_WARN_64_TO_32_BIT_CONVERSION = YES;
				GCC_WARN_ABOUT_RETURN_TYPE = YES_ERROR;
				GCC_WARN_UNDECLARED_SELECTOR = YES;
				GCC_WARN_UNINITIALIZED_AUTOS = YES_AGGRESSIVE;
				GCC_WARN_UNUSED_FUNCTION = YES;
				GCC_WARN_UNUSED_VARIABLE = YES;
				IPHONEOS_DEPLOYMENT_TARGET = 12.2;
				MTL_ENABLE_DEBUG_INFO = NO;
				MTL_FAST_MATH = YES;
				SDKROOT = iphoneos;
				SWIFT_COMPILATION_MODE = wholemodule;
				SWIFT_OPTIMIZATION_LEVEL = "-O";
				VALIDATE_PRODUCT = YES;
			};
			name = Release;
		};
		6DF777C822BACB34008D4226 /* Debug */ = {
			isa = XCBuildConfiguration;
			buildSettings = {
				ASSETCATALOG_COMPILER_APPICON_NAME = AppIcon;
				CODE_SIGN_STYLE = Automatic;
				DEVELOPMENT_TEAM = Q537G68YQ8;
				INFOPLIST_FILE = MyResumeApp/Info.plist;
				LD_RUNPATH_SEARCH_PATHS = (
					"$(inherited)",
					"@executable_path/Frameworks",
				);
				PRODUCT_BUNDLE_IDENTIFIER = com.edgaradrian.mx.MyResumeApp;
				PRODUCT_NAME = "$(TARGET_NAME)";
				SWIFT_VERSION = 5.0;
				TARGETED_DEVICE_FAMILY = "1,2";
			};
			name = Debug;
		};
		6DF777C922BACB34008D4226 /* Release */ = {
			isa = XCBuildConfiguration;
			buildSettings = {
				ASSETCATALOG_COMPILER_APPICON_NAME = AppIcon;
				CODE_SIGN_STYLE = Automatic;
				DEVELOPMENT_TEAM = Q537G68YQ8;
				INFOPLIST_FILE = MyResumeApp/Info.plist;
				LD_RUNPATH_SEARCH_PATHS = (
					"$(inherited)",
					"@executable_path/Frameworks",
				);
				PRODUCT_BUNDLE_IDENTIFIER = com.edgaradrian.mx.MyResumeApp;
				PRODUCT_NAME = "$(TARGET_NAME)";
				SWIFT_VERSION = 5.0;
				TARGETED_DEVICE_FAMILY = "1,2";
			};
			name = Release;
		};
/* End XCBuildConfiguration section */

/* Begin XCConfigurationList section */
		6DF777B022BACB31008D4226 /* Build configuration list for PBXProject "MyResumeApp" */ = {
			isa = XCConfigurationList;
			buildConfigurations = (
				6DF777C522BACB34008D4226 /* Debug */,
				6DF777C622BACB34008D4226 /* Release */,
			);
			defaultConfigurationIsVisible = 0;
			defaultConfigurationName = Release;
		};
		6DF777C722BACB34008D4226 /* Build configuration list for PBXNativeTarget "MyResumeApp" */ = {
			isa = XCConfigurationList;
			buildConfigurations = (
				6DF777C822BACB34008D4226 /* Debug */,
				6DF777C922BACB34008D4226 /* Release */,
			);
			defaultConfigurationIsVisible = 0;
			defaultConfigurationName = Release;
		};
/* End XCConfigurationList section */

/* Begin XCVersionGroup section */
		6DF777D022BB2A8D008D4226 /* Employment.xcdatamodeld */ = {
			isa = XCVersionGroup;
			children = (
				6DF777D122BB2A8D008D4226 /* Employment.xcdatamodel */,
			);
			currentVersion = 6DF777D122BB2A8D008D4226 /* Employment.xcdatamodel */;
			path = Employment.xcdatamodeld;
			sourceTree = "<group>";
			versionGroupType = wrapper.xcdatamodel;
		};
/* End XCVersionGroup section */
	};
	rootObject = 6DF777AD22BACB31008D4226 /* Project object */;
}
